{
  "name": "auto-marge",
  "version": "0.0.0-development",
  "lockfileVersion": 1,
  "requires": true,
  "dependencies": {
    "@types/raven": {
      "version": "2.5.7",
      "resolved": "https://registry.npmjs.org/@types/raven/-/raven-2.5.7.tgz",
      "integrity": "sha512-27G0xhyFsn/jX5coGihTPlHco/BRe9DrmYaBLajgAnh/cnOStE+g0hXgJ4rml8xtouxSMmOwdYBWInUQrXUHJw==",
      "dev": true,
      "requires": {
        "@types/node": "*"
      },
      "dependencies": {
        "@types/node": {
          "version": "22.10.1",
          "resolved": "https://registry.npmjs.org/@types/node/-/node-22.10.1.tgz",
          "integrity": "sha512-qKgsUwfHZV2WCWLAnVP1JqnpE6Im6h3Y0+fYgMTasNQ7V++CBX5OT1as0g0f+OyubbFqhf6XVNIsmN4IIhEgGQ==",
          "dev": true,
          "requires": {
            "undici-types": "~6.20.0"
          }
        }
      }
    },
    "undici-types": {
      "version": "6.20.0",
      "resolved": "https://registry.npmjs.org/undici-types/-/undici-types-6.20.0.tgz",
      "integrity": "sha512-Ny6QZ2Nju20vw1SRHe3d9jVu6gJ+4e3+MMpqu7pqE5HT6WsTSlce++GQmK5UXS8mzV8DSYHrQH+Xrf2jVcuKNg==",
      "dev": true
    }
  }
}
