{
  "name": "auto-marge",
  "version": "0.0.0-development",
  "lockfileVersion": 1,
  "requires": true,
  "dependencies": {
    "@types/raven": {
      "version": "2.5.7",
      "resolved": "https://registry.npmjs.org/@types/raven/-/raven-2.5.7.tgz",
      "integrity": "sha512-27G0xhyFsn/jX5coGihTPlHco/BRe9DrmYaBLajgAnh/cnOStE+g0hXgJ4rml8xtouxSMmOwdYBWInUQrXUHJw==",
      "dev": true,
      "requires": {
        "@types/node": "*"
      },
      "dependencies": {
        "@types/node": {
          "version": "24.3.0",
          "resolved": "https://registry.npmjs.org/@types/node/-/node-24.3.0.tgz",
          "integrity": "sha512-aPTXCrfwnDLj4VvXrm+UUCQjNEvJgNA8s5F1cvwQU+3KNltTOkBm1j30uNLyqqPNe7gE3KFzImYoZEfLhp4Yow==",
          "dev": true,
          "requires": {
            "undici-types": "~7.10.0"
          }
        }
      }
    },
    "undici-types": {
      "version": "7.10.0",
      "resolved": "https://registry.npmjs.org/undici-types/-/undici-types-7.10.0.tgz",
      "integrity": "sha512-t5Fy/nfn+14LuOc2KNYg75vZqClpAiqscVvMygNnlsHBFpSXdJaYtXMcdNLpl/Qvc3P2cB3s6lOV51nqsFq4ag==",
      "dev": true
    }
  }
}
